
Microsoft Visual Studio Solution File, Format Version 12.00
Project("{FAE04EC0-301F-11D3-BF4B-00C04F79EFBC}") = "SampleServer", "SampleServer\SampleServer.csproj", "{5923365F-B544-46BE-8557-3C462B85B802}"
EndProject
Project("{FAE04EC0-301F-11D3-BF4B-00C04F79EFBC}") = "SampleClient", "SampleClient\SampleClient.csproj", "{5DC876A0-2F66-44F6-A64A-FD52DF3690BC}"
EndProject
Project("{FAE04EC0-301F-11D3-BF4B-00C04F79EFBC}") = "Thrift", "Thrift\Thrift.csproj", "{5496E9A1-C7E3-4211-93A0-6D8D7E3A6D92}"
EndProject
Global
	GlobalSection(SolutionConfigurationPlatforms) = preSolution
		Debug|Any CPU = Debug|Any CPU
		Release|Any CPU = Release|Any CPU
	EndGlobalSection
	GlobalSection(ProjectConfigurationPlatforms) = postSolution
		{5923365F-B544-46BE-8557-3C462B85B802}.Debug|Any CPU.ActiveCfg = Debug|Any CPU
		{5923365F-B544-46BE-8557-3C462B85B802}.Debug|Any CPU.Build.0 = Debug|Any CPU
		{5923365F-B544-46BE-8557-3C462B85B802}.Release|Any CPU.ActiveCfg = Release|Any CPU
		{5923365F-B544-46BE-8557-3C462B85B802}.Release|Any CPU.Build.0 = Release|Any CPU
		{5DC876A0-2F66-44F6-A64A-FD52DF3690BC}.Debug|Any CPU.ActiveCfg = Debug|Any CPU
		{5DC876A0-2F66-44F6-A64A-FD52DF3690BC}.Debug|Any CPU.Build.0 = Debug|Any CPU
		{5DC876A0-2F66-44F6-A64A-FD52DF3690BC}.Release|Any CPU.ActiveCfg = Release|Any CPU
		{5DC876A0-2F66-44F6-A64A-FD52DF3690BC}.Release|Any CPU.Build.0 = Release|Any CPU
		{5496E9A1-C7E3-4211-93A0-6D8D7E3A6D92}.Debug|Any CPU.ActiveCfg = Debug|Any CPU
		{5496E9A1-C7E3-4211-93A0-6D8D7E3A6D92}.Debug|Any CPU.Build.0 = Debug|Any CPU
		{5496E9A1-C7E3-4211-93A0-6D8D7E3A6D92}.Release|Any CPU.ActiveCfg = Release|Any CPU
		{5496E9A1-C7E3-4211-93A0-6D8D7E3A6D92}.Release|Any CPU.Build.0 = Release|Any CPU
	EndGlobalSection
EndGlobal
